// !$*UTF8*$!
{
	archiveVersion = 1;
	classes = {
	};
	objectVersion = 55;
	objects = {

/* Begin PBXBuildFile section */
		18D526E87585DA76B42681CB /* Pods_WeatherTodayTests.framework in Frameworks */ = {isa = PBXBuildFile; fileRef = B16D5CCEAE2FF334EF54271F /* Pods_WeatherTodayTests.framework */; };
		247847DCD9A65B1EF1CCD9F9 /* Pods_WeatherToday.framework in Frameworks */ = {isa = PBXBuildFile; fileRef = 33C5632DC53E6C87FE7F1B5A /* Pods_WeatherToday.framework */; };
		6495316ADE1ECE38990FA360 /* libPods-WeatherTodayUITests.a in Frameworks */ = {isa = PBXBuildFile; fileRef = A4FA4C4D0ED75BB4CEC96893 /* libPods-WeatherTodayUITests.a */; };
		84268CDF2848B31F003D52EE /* WeatherVMSpec.swift in Sources */ = {isa = PBXBuildFile; fileRef = 84268CDE2848B31F003D52EE /* WeatherVMSpec.swift */; };
		84268CE22848B6D1003D52EE /* QuickSpec+Await.swift in Sources */ = {isa = PBXBuildFile; fileRef = 84268CE12848B6D1003D52EE /* QuickSpec+Await.swift */; };
		84268CE42848C0D0003D52EE /* WeatherStub.swift in Sources */ = {isa = PBXBuildFile; fileRef = 84268CE32848C0D0003D52EE /* WeatherStub.swift */; };
		8476CB53284DE2C7006E915F /* RoutingEnum.swift in Sources */ = {isa = PBXBuildFile; fileRef = 8476CB52284DE2C7006E915F /* RoutingEnum.swift */; };
		8476CB55284DE3B4006E915F /* RoutingEnum+Navigation.swift in Sources */ = {isa = PBXBuildFile; fileRef = 8476CB54284DE3B4006E915F /* RoutingEnum+Navigation.swift */; };
		8476CB58284DE45F006E915F /* PageNavigator.swift in Sources */ = {isa = PBXBuildFile; fileRef = 8476CB57284DE45F006E915F /* PageNavigator.swift */; };
		8476CB5A284DE490006E915F /* RoutingTransitionStyle.swift in Sources */ = {isa = PBXBuildFile; fileRef = 8476CB59284DE490006E915F /* RoutingTransitionStyle.swift */; };
		8476CB5C284DE4FA006E915F /* UiPageNavigator.swift in Sources */ = {isa = PBXBuildFile; fileRef = 8476CB5B284DE4FA006E915F /* UiPageNavigator.swift */; };
		8476CB5E284DE5AF006E915F /* EnumCaseName.swift in Sources */ = {isa = PBXBuildFile; fileRef = 8476CB5D284DE5AF006E915F /* EnumCaseName.swift */; };
		8476CB60284DE74B006E915F /* NavigationRouterEnum.swift in Sources */ = {isa = PBXBuildFile; fileRef = 8476CB5F284DE74B006E915F /* NavigationRouterEnum.swift */; };
		8476CB62284DE7C4006E915F /* NavigationRouter.swift in Sources */ = {isa = PBXBuildFile; fileRef = 8476CB61284DE7C4006E915F /* NavigationRouter.swift */; };
		8476CB66284DEB4D006E915F /* MDViewController.swift in Sources */ = {isa = PBXBuildFile; fileRef = 8476CB65284DEB4D006E915F /* MDViewController.swift */; };
		8476CB6A284DEED3006E915F /* ModalTransitioningDelegate.swift in Sources */ = {isa = PBXBuildFile; fileRef = 8476CB69284DEED3006E915F /* ModalTransitioningDelegate.swift */; };
		8476CB6C284DEF01006E915F /* ModalTransitionAnimator.swift in Sources */ = {isa = PBXBuildFile; fileRef = 8476CB6B284DEF01006E915F /* ModalTransitionAnimator.swift */; };
		8476CB6F284DF07F006E915F /* NibLoadableView.swift in Sources */ = {isa = PBXBuildFile; fileRef = 8476CB6E284DF07F006E915F /* NibLoadableView.swift */; };
		8476CB72284DF1E1006E915F /* Optional+Required.swift in Sources */ = {isa = PBXBuildFile; fileRef = 8476CB71284DF1E1006E915F /* Optional+Required.swift */; };
		8476CB74284DF2E3006E915F /* ModalPresentationController.swift in Sources */ = {isa = PBXBuildFile; fileRef = 8476CB73284DF2E3006E915F /* ModalPresentationController.swift */; };
		8476CB76284DF368006E915F /* UIView+DropShadow.swift in Sources */ = {isa = PBXBuildFile; fileRef = 8476CB75284DF368006E915F /* UIView+DropShadow.swift */; };
		8476CB78284DF5C4006E915F /* RoutingEnum+Configuration.swift in Sources */ = {isa = PBXBuildFile; fileRef = 8476CB77284DF5C4006E915F /* RoutingEnum+Configuration.swift */; };
		847D7E652848CDF600AD0DBC /* Dictionary+Json.swift in Sources */ = {isa = PBXBuildFile; fileRef = 847D7E642848CDF600AD0DBC /* Dictionary+Json.swift */; };
		847D7E672848CE7100AD0DBC /* SafeUnwrap.swift in Sources */ = {isa = PBXBuildFile; fileRef = 847D7E662848CE7100AD0DBC /* SafeUnwrap.swift */; };
		847D7E6A2848D25400AD0DBC /* success_weather_response.json in Resources */ = {isa = PBXBuildFile; fileRef = 847D7E692848D25400AD0DBC /* success_weather_response.json */; };
		847D7E6B2848D66300AD0DBC /* MySessionManager.swift in Sources */ = {isa = PBXBuildFile; fileRef = 84A379EF2750DDC50071CA81 /* MySessionManager.swift */; };
		847D7E6C2848D6F000AD0DBC /* Utilities.swift in Sources */ = {isa = PBXBuildFile; fileRef = 84A379EA2750DD820071CA81 /* Utilities.swift */; };
		847D7E6D2848D72F00AD0DBC /* WeatherResponse.swift in Sources */ = {isa = PBXBuildFile; fileRef = 84A379D22750DABF0071CA81 /* WeatherResponse.swift */; };
		847D7E6E2848D73300AD0DBC /* Currently.swift in Sources */ = {isa = PBXBuildFile; fileRef = 84A379CF2750DABE0071CA81 /* Currently.swift */; };
		847D7E6F2848D73600AD0DBC /* Daily.swift in Sources */ = {isa = PBXBuildFile; fileRef = 84A379D02750DABE0071CA81 /* Daily.swift */; };
		847D7E702848D73900AD0DBC /* Data.swift in Sources */ = {isa = PBXBuildFile; fileRef = 84A379D32750DABF0071CA81 /* Data.swift */; };
		847D7E712848D73B00AD0DBC /* Hourly.swift in Sources */ = {isa = PBXBuildFile; fileRef = 84A379D12750DABF0071CA81 /* Hourly.swift */; };
		847D7E722848D73F00AD0DBC /* Dictionary+Json.swift in Sources */ = {isa = PBXBuildFile; fileRef = 847D7E642848CDF600AD0DBC /* Dictionary+Json.swift */; };
		847D7E732848D78B00AD0DBC /* DailyTableViewCell.swift in Sources */ = {isa = PBXBuildFile; fileRef = 84A379E22750DD5D0071CA81 /* DailyTableViewCell.swift */; };
		847D7E742848D79600AD0DBC /* HourlyCollectionViewCell.swift in Sources */ = {isa = PBXBuildFile; fileRef = 84A379E12750DD5D0071CA81 /* HourlyCollectionViewCell.swift */; };
		847D7E752848D79A00AD0DBC /* ForecastTableViewCell.swift in Sources */ = {isa = PBXBuildFile; fileRef = 84A379E42750DD5D0071CA81 /* ForecastTableViewCell.swift */; };
		847D7E772848D7D400AD0DBC /* Session.swift in Sources */ = {isa = PBXBuildFile; fileRef = 84A379EB2750DD820071CA81 /* Session.swift */; };
		847D7E782848D7D800AD0DBC /* SafeUnwrap.swift in Sources */ = {isa = PBXBuildFile; fileRef = 847D7E662848CE7100AD0DBC /* SafeUnwrap.swift */; };
		84A379952750CE2A0071CA81 /* AppDelegate.swift in Sources */ = {isa = PBXBuildFile; fileRef = 84A379942750CE2A0071CA81 /* AppDelegate.swift */; };
		84A379972750CE2A0071CA81 /* SceneDelegate.swift in Sources */ = {isa = PBXBuildFile; fileRef = 84A379962750CE2A0071CA81 /* SceneDelegate.swift */; };
		84A3799E2750CE2C0071CA81 /* Assets.xcassets in Resources */ = {isa = PBXBuildFile; fileRef = 84A3799D2750CE2C0071CA81 /* Assets.xcassets */; };
		84A379A12750CE2C0071CA81 /* LaunchScreen.storyboard in Resources */ = {isa = PBXBuildFile; fileRef = 84A3799F2750CE2C0071CA81 /* LaunchScreen.storyboard */; };
		84A379B62750CE2C0071CA81 /* WeatherTodayUITests.swift in Sources */ = {isa = PBXBuildFile; fileRef = 84A379B52750CE2C0071CA81 /* WeatherTodayUITests.swift */; };
		84A379B82750CE2C0071CA81 /* WeatherTodayUITestsLaunchTests.swift in Sources */ = {isa = PBXBuildFile; fileRef = 84A379B72750CE2C0071CA81 /* WeatherTodayUITestsLaunchTests.swift */; };
		84A379D42750DABF0071CA81 /* Currently.swift in Sources */ = {isa = PBXBuildFile; fileRef = 84A379CF2750DABE0071CA81 /* Currently.swift */; };
		84A379D52750DABF0071CA81 /* Daily.swift in Sources */ = {isa = PBXBuildFile; fileRef = 84A379D02750DABE0071CA81 /* Daily.swift */; };
		84A379D62750DABF0071CA81 /* Hourly.swift in Sources */ = {isa = PBXBuildFile; fileRef = 84A379D12750DABF0071CA81 /* Hourly.swift */; };
		84A379D72750DABF0071CA81 /* WeatherResponse.swift in Sources */ = {isa = PBXBuildFile; fileRef = 84A379D22750DABF0071CA81 /* WeatherResponse.swift */; };
		84A379D82750DABF0071CA81 /* Data.swift in Sources */ = {isa = PBXBuildFile; fileRef = 84A379D32750DABF0071CA81 /* Data.swift */; };
		84A379DB2750DC380071CA81 /* Main.storyboard in Resources */ = {isa = PBXBuildFile; fileRef = 84A379DA2750DC380071CA81 /* Main.storyboard */; };
		84A379E62750DD5D0071CA81 /* HourlyCollectionViewCell.swift in Sources */ = {isa = PBXBuildFile; fileRef = 84A379E12750DD5D0071CA81 /* HourlyCollectionViewCell.swift */; };
		84A379E72750DD5D0071CA81 /* DailyTableViewCell.swift in Sources */ = {isa = PBXBuildFile; fileRef = 84A379E22750DD5D0071CA81 /* DailyTableViewCell.swift */; };
		84A379E82750DD5D0071CA81 /* HourlyCollectionViewCell.xib in Resources */ = {isa = PBXBuildFile; fileRef = 84A379E32750DD5D0071CA81 /* HourlyCollectionViewCell.xib */; };
		84A379E92750DD5D0071CA81 /* ForecastTableViewCell.swift in Sources */ = {isa = PBXBuildFile; fileRef = 84A379E42750DD5D0071CA81 /* ForecastTableViewCell.swift */; };
		84A379EC2750DD820071CA81 /* Utilities.swift in Sources */ = {isa = PBXBuildFile; fileRef = 84A379EA2750DD820071CA81 /* Utilities.swift */; };
		84A379ED2750DD820071CA81 /* Session.swift in Sources */ = {isa = PBXBuildFile; fileRef = 84A379EB2750DD820071CA81 /* Session.swift */; };
		84A379F02750DDC50071CA81 /* MySessionManager.swift in Sources */ = {isa = PBXBuildFile; fileRef = 84A379EF2750DDC50071CA81 /* MySessionManager.swift */; };
		84A379F22750E0060071CA81 /* WeatherVC.swift in Sources */ = {isa = PBXBuildFile; fileRef = 84A379F12750E0060071CA81 /* WeatherVC.swift */; };
		84A379F32750E0060071CA81 /* WeatherVC.swift in Sources */ = {isa = PBXBuildFile; fileRef = 84A379F12750E0060071CA81 /* WeatherVC.swift */; };
		84A379F52750E0240071CA81 /* WeatherVM.swift in Sources */ = {isa = PBXBuildFile; fileRef = 84A379F42750E0240071CA81 /* WeatherVM.swift */; };
		84A379F62750E0240071CA81 /* WeatherVM.swift in Sources */ = {isa = PBXBuildFile; fileRef = 84A379F42750E0240071CA81 /* WeatherVM.swift */; };
		84A379FB2750E3DD0071CA81 /* DailyTableViewCell.xib in Resources */ = {isa = PBXBuildFile; fileRef = 84A379FA2750E3DD0071CA81 /* DailyTableViewCell.xib */; };
		84A379FC2750E3DD0071CA81 /* DailyTableViewCell.xib in Resources */ = {isa = PBXBuildFile; fileRef = 84A379FA2750E3DD0071CA81 /* DailyTableViewCell.xib */; };
		84FB7827275107000050E85D /* WeatherApi.swift in Sources */ = {isa = PBXBuildFile; fileRef = 84FB7826275107000050E85D /* WeatherApi.swift */; };
		84FB7828275107000050E85D /* WeatherApi.swift in Sources */ = {isa = PBXBuildFile; fileRef = 84FB7826275107000050E85D /* WeatherApi.swift */; };
/* End PBXBuildFile section */

/* Begin PBXContainerItemProxy section */
		84A379A82750CE2C0071CA81 /* PBXContainerItemProxy */ = {
			isa = PBXContainerItemProxy;
			containerPortal = 84A379892750CE2A0071CA81 /* Project object */;
			proxyType = 1;
			remoteGlobalIDString = 84A379902750CE2A0071CA81;
			remoteInfo = WeatherToday;
		};
		84A379B22750CE2C0071CA81 /* PBXContainerItemProxy */ = {
			isa = PBXContainerItemProxy;
			containerPortal = 84A379892750CE2A0071CA81 /* Project object */;
			proxyType = 1;
			remoteGlobalIDString = 84A379902750CE2A0071CA81;
			remoteInfo = WeatherToday;
		};
/* End PBXContainerItemProxy section */

/* Begin PBXFileReference section */
		33C5632DC53E6C87FE7F1B5A /* Pods_WeatherToday.framework */ = {isa = PBXFileReference; explicitFileType = wrapper.framework; includeInIndex = 0; path = Pods_WeatherToday.framework; sourceTree = BUILT_PRODUCTS_DIR; };
		419E659D1805D2930F3AEC44 /* Pods-WeatherTodayUITests.release.xcconfig */ = {isa = PBXFileReference; includeInIndex = 1; lastKnownFileType = text.xcconfig; name = "Pods-WeatherTodayUITests.release.xcconfig"; path = "Target Support Files/Pods-WeatherTodayUITests/Pods-WeatherTodayUITests.release.xcconfig"; sourceTree = "<group>"; };
		4DF0ADE33CFCD196928D4FB1 /* Pods-WeatherTodayTests.release.xcconfig */ = {isa = PBXFileReference; includeInIndex = 1; lastKnownFileType = text.xcconfig; name = "Pods-WeatherTodayTests.release.xcconfig"; path = "Target Support Files/Pods-WeatherTodayTests/Pods-WeatherTodayTests.release.xcconfig"; sourceTree = "<group>"; };
		5AFA8213D000C277AF1E290A /* Pods-WeatherToday.release.xcconfig */ = {isa = PBXFileReference; includeInIndex = 1; lastKnownFileType = text.xcconfig; name = "Pods-WeatherToday.release.xcconfig"; path = "Target Support Files/Pods-WeatherToday/Pods-WeatherToday.release.xcconfig"; sourceTree = "<group>"; };
		84268CDE2848B31F003D52EE /* WeatherVMSpec.swift */ = {isa = PBXFileReference; lastKnownFileType = sourcecode.swift; path = WeatherVMSpec.swift; sourceTree = "<group>"; };
		84268CE12848B6D1003D52EE /* QuickSpec+Await.swift */ = {isa = PBXFileReference; lastKnownFileType = sourcecode.swift; path = "QuickSpec+Await.swift"; sourceTree = "<group>"; };
		84268CE32848C0D0003D52EE /* WeatherStub.swift */ = {isa = PBXFileReference; lastKnownFileType = sourcecode.swift; path = WeatherStub.swift; sourceTree = "<group>"; };
		8476CB52284DE2C7006E915F /* RoutingEnum.swift */ = {isa = PBXFileReference; lastKnownFileType = sourcecode.swift; path = RoutingEnum.swift; sourceTree = "<group>"; };
		8476CB54284DE3B4006E915F /* RoutingEnum+Navigation.swift */ = {isa = PBXFileReference; lastKnownFileType = sourcecode.swift; path = "RoutingEnum+Navigation.swift"; sourceTree = "<group>"; };
		8476CB57284DE45F006E915F /* PageNavigator.swift */ = {isa = PBXFileReference; lastKnownFileType = sourcecode.swift; path = PageNavigator.swift; sourceTree = "<group>"; };
		8476CB59284DE490006E915F /* RoutingTransitionStyle.swift */ = {isa = PBXFileReference; lastKnownFileType = sourcecode.swift; path = RoutingTransitionStyle.swift; sourceTree = "<group>"; };
		8476CB5B284DE4FA006E915F /* UiPageNavigator.swift */ = {isa = PBXFileReference; lastKnownFileType = sourcecode.swift; path = UiPageNavigator.swift; sourceTree = "<group>"; };
		8476CB5D284DE5AF006E915F /* EnumCaseName.swift */ = {isa = PBXFileReference; lastKnownFileType = sourcecode.swift; path = EnumCaseName.swift; sourceTree = "<group>"; };
		8476CB5F284DE74B006E915F /* NavigationRouterEnum.swift */ = {isa = PBXFileReference; lastKnownFileType = sourcecode.swift; path = NavigationRouterEnum.swift; sourceTree = "<group>"; };
		8476CB61284DE7C4006E915F /* NavigationRouter.swift */ = {isa = PBXFileReference; lastKnownFileType = sourcecode.swift; path = NavigationRouter.swift; sourceTree = "<group>"; };
		8476CB65284DEB4D006E915F /* MDViewController.swift */ = {isa = PBXFileReference; lastKnownFileType = sourcecode.swift; path = MDViewController.swift; sourceTree = "<group>"; };
		8476CB69284DEED3006E915F /* ModalTransitioningDelegate.swift */ = {isa = PBXFileReference; lastKnownFileType = sourcecode.swift; path = ModalTransitioningDelegate.swift; sourceTree = "<group>"; };
		8476CB6B284DEF01006E915F /* ModalTransitionAnimator.swift */ = {isa = PBXFileReference; lastKnownFileType = sourcecode.swift; path = ModalTransitionAnimator.swift; sourceTree = "<group>"; };
		8476CB6E284DF07F006E915F /* NibLoadableView.swift */ = {isa = PBXFileReference; lastKnownFileType = sourcecode.swift; path = NibLoadableView.swift; sourceTree = "<group>"; };
		8476CB71284DF1E1006E915F /* Optional+Required.swift */ = {isa = PBXFileReference; lastKnownFileType = sourcecode.swift; path = "Optional+Required.swift"; sourceTree = "<group>"; };
		8476CB73284DF2E3006E915F /* ModalPresentationController.swift */ = {isa = PBXFileReference; lastKnownFileType = sourcecode.swift; path = ModalPresentationController.swift; sourceTree = "<group>"; };
		8476CB75284DF368006E915F /* UIView+DropShadow.swift */ = {isa = PBXFileReference; lastKnownFileType = sourcecode.swift; path = "UIView+DropShadow.swift"; sourceTree = "<group>"; };
		8476CB77284DF5C4006E915F /* RoutingEnum+Configuration.swift */ = {isa = PBXFileReference; lastKnownFileType = sourcecode.swift; path = "RoutingEnum+Configuration.swift"; sourceTree = "<group>"; };
		847D7E642848CDF600AD0DBC /* Dictionary+Json.swift */ = {isa = PBXFileReference; lastKnownFileType = sourcecode.swift; path = "Dictionary+Json.swift"; sourceTree = "<group>"; };
		847D7E662848CE7100AD0DBC /* SafeUnwrap.swift */ = {isa = PBXFileReference; lastKnownFileType = sourcecode.swift; path = SafeUnwrap.swift; sourceTree = "<group>"; };
		847D7E692848D25400AD0DBC /* success_weather_response.json */ = {isa = PBXFileReference; fileEncoding = 4; lastKnownFileType = text.json; path = success_weather_response.json; sourceTree = "<group>"; };
		84A379912750CE2A0071CA81 /* WeatherToday.app */ = {isa = PBXFileReference; explicitFileType = wrapper.application; includeInIndex = 0; path = WeatherToday.app; sourceTree = BUILT_PRODUCTS_DIR; };
		84A379942750CE2A0071CA81 /* AppDelegate.swift */ = {isa = PBXFileReference; lastKnownFileType = sourcecode.swift; path = AppDelegate.swift; sourceTree = "<group>"; };
		84A379962750CE2A0071CA81 /* SceneDelegate.swift */ = {isa = PBXFileReference; lastKnownFileType = sourcecode.swift; path = SceneDelegate.swift; sourceTree = "<group>"; };
		84A3799D2750CE2C0071CA81 /* Assets.xcassets */ = {isa = PBXFileReference; lastKnownFileType = folder.assetcatalog; path = Assets.xcassets; sourceTree = "<group>"; };
		84A379A02750CE2C0071CA81 /* Base */ = {isa = PBXFileReference; lastKnownFileType = file.storyboard; name = Base; path = Base.lproj/LaunchScreen.storyboard; sourceTree = "<group>"; };
		84A379A22750CE2C0071CA81 /* Info.plist */ = {isa = PBXFileReference; lastKnownFileType = text.plist.xml; path = Info.plist; sourceTree = "<group>"; };
		84A379A72750CE2C0071CA81 /* WeatherTodayTests.xctest */ = {isa = PBXFileReference; explicitFileType = wrapper.cfbundle; includeInIndex = 0; path = WeatherTodayTests.xctest; sourceTree = BUILT_PRODUCTS_DIR; };
		84A379B12750CE2C0071CA81 /* WeatherTodayUITests.xctest */ = {isa = PBXFileReference; explicitFileType = wrapper.cfbundle; includeInIndex = 0; path = WeatherTodayUITests.xctest; sourceTree = BUILT_PRODUCTS_DIR; };
		84A379B52750CE2C0071CA81 /* WeatherTodayUITests.swift */ = {isa = PBXFileReference; lastKnownFileType = sourcecode.swift; path = WeatherTodayUITests.swift; sourceTree = "<group>"; };
		84A379B72750CE2C0071CA81 /* WeatherTodayUITestsLaunchTests.swift */ = {isa = PBXFileReference; lastKnownFileType = sourcecode.swift; path = WeatherTodayUITestsLaunchTests.swift; sourceTree = "<group>"; };
		84A379CF2750DABE0071CA81 /* Currently.swift */ = {isa = PBXFileReference; fileEncoding = 4; lastKnownFileType = sourcecode.swift; path = Currently.swift; sourceTree = "<group>"; };
		84A379D02750DABE0071CA81 /* Daily.swift */ = {isa = PBXFileReference; fileEncoding = 4; lastKnownFileType = sourcecode.swift; path = Daily.swift; sourceTree = "<group>"; };
		84A379D12750DABF0071CA81 /* Hourly.swift */ = {isa = PBXFileReference; fileEncoding = 4; lastKnownFileType = sourcecode.swift; path = Hourly.swift; sourceTree = "<group>"; };
		84A379D22750DABF0071CA81 /* WeatherResponse.swift */ = {isa = PBXFileReference; fileEncoding = 4; lastKnownFileType = sourcecode.swift; path = WeatherResponse.swift; sourceTree = "<group>"; };
		84A379D32750DABF0071CA81 /* Data.swift */ = {isa = PBXFileReference; fileEncoding = 4; lastKnownFileType = sourcecode.swift; path = Data.swift; sourceTree = "<group>"; };
		84A379DA2750DC380071CA81 /* Main.storyboard */ = {isa = PBXFileReference; fileEncoding = 4; lastKnownFileType = file.storyboard; path = Main.storyboard; sourceTree = "<group>"; };
		84A379E12750DD5D0071CA81 /* HourlyCollectionViewCell.swift */ = {isa = PBXFileReference; fileEncoding = 4; lastKnownFileType = sourcecode.swift; path = HourlyCollectionViewCell.swift; sourceTree = "<group>"; };
		84A379E22750DD5D0071CA81 /* DailyTableViewCell.swift */ = {isa = PBXFileReference; fileEncoding = 4; lastKnownFileType = sourcecode.swift; path = DailyTableViewCell.swift; sourceTree = "<group>"; };
		84A379E32750DD5D0071CA81 /* HourlyCollectionViewCell.xib */ = {isa = PBXFileReference; fileEncoding = 4; lastKnownFileType = file.xib; path = HourlyCollectionViewCell.xib; sourceTree = "<group>"; };
		84A379E42750DD5D0071CA81 /* ForecastTableViewCell.swift */ = {isa = PBXFileReference; fileEncoding = 4; lastKnownFileType = sourcecode.swift; path = ForecastTableViewCell.swift; sourceTree = "<group>"; };
		84A379EA2750DD820071CA81 /* Utilities.swift */ = {isa = PBXFileReference; fileEncoding = 4; lastKnownFileType = sourcecode.swift; path = Utilities.swift; sourceTree = "<group>"; };
		84A379EB2750DD820071CA81 /* Session.swift */ = {isa = PBXFileReference; fileEncoding = 4; lastKnownFileType = sourcecode.swift; path = Session.swift; sourceTree = "<group>"; };
		84A379EF2750DDC50071CA81 /* MySessionManager.swift */ = {isa = PBXFileReference; fileEncoding = 4; lastKnownFileType = sourcecode.swift; path = MySessionManager.swift; sourceTree = "<group>"; };
		84A379F12750E0060071CA81 /* WeatherVC.swift */ = {isa = PBXFileReference; lastKnownFileType = sourcecode.swift; path = WeatherVC.swift; sourceTree = "<group>"; };
		84A379F42750E0240071CA81 /* WeatherVM.swift */ = {isa = PBXFileReference; lastKnownFileType = sourcecode.swift; path = WeatherVM.swift; sourceTree = "<group>"; };
		84A379FA2750E3DD0071CA81 /* DailyTableViewCell.xib */ = {isa = PBXFileReference; fileEncoding = 4; lastKnownFileType = file.xib; path = DailyTableViewCell.xib; sourceTree = "<group>"; };
		84FB7826275107000050E85D /* WeatherApi.swift */ = {isa = PBXFileReference; lastKnownFileType = sourcecode.swift; path = WeatherApi.swift; sourceTree = "<group>"; };
		9D5867FD8BEDCCECA15D1AB5 /* Pods-WeatherToday.debug.xcconfig */ = {isa = PBXFileReference; includeInIndex = 1; lastKnownFileType = text.xcconfig; name = "Pods-WeatherToday.debug.xcconfig"; path = "Target Support Files/Pods-WeatherToday/Pods-WeatherToday.debug.xcconfig"; sourceTree = "<group>"; };
		A4FA4C4D0ED75BB4CEC96893 /* libPods-WeatherTodayUITests.a */ = {isa = PBXFileReference; explicitFileType = archive.ar; includeInIndex = 0; path = "libPods-WeatherTodayUITests.a"; sourceTree = BUILT_PRODUCTS_DIR; };
		AEBDF76CA361173C5F9C2637 /* Pods-WeatherTodayTests.debug.xcconfig */ = {isa = PBXFileReference; includeInIndex = 1; lastKnownFileType = text.xcconfig; name = "Pods-WeatherTodayTests.debug.xcconfig"; path = "Target Support Files/Pods-WeatherTodayTests/Pods-WeatherTodayTests.debug.xcconfig"; sourceTree = "<group>"; };
		B16D5CCEAE2FF334EF54271F /* Pods_WeatherTodayTests.framework */ = {isa = PBXFileReference; explicitFileType = wrapper.framework; includeInIndex = 0; path = Pods_WeatherTodayTests.framework; sourceTree = BUILT_PRODUCTS_DIR; };
		CD35A5EEAB85413BF8F87140 /* Pods-WeatherTodayUITests.debug.xcconfig */ = {isa = PBXFileReference; includeInIndex = 1; lastKnownFileType = text.xcconfig; name = "Pods-WeatherTodayUITests.debug.xcconfig"; path = "Target Support Files/Pods-WeatherTodayUITests/Pods-WeatherTodayUITests.debug.xcconfig"; sourceTree = "<group>"; };
/* End PBXFileReference section */

/* Begin PBXFrameworksBuildPhase section */
		84A3798E2750CE2A0071CA81 /* Frameworks */ = {
			isa = PBXFrameworksBuildPhase;
			buildActionMask = 2147483647;
			files = (
				247847DCD9A65B1EF1CCD9F9 /* Pods_WeatherToday.framework in Frameworks */,
			);
			runOnlyForDeploymentPostprocessing = 0;
		};
		84A379A42750CE2C0071CA81 /* Frameworks */ = {
			isa = PBXFrameworksBuildPhase;
			buildActionMask = 2147483647;
			files = (
				18D526E87585DA76B42681CB /* Pods_WeatherTodayTests.framework in Frameworks */,
			);
			runOnlyForDeploymentPostprocessing = 0;
		};
		84A379AE2750CE2C0071CA81 /* Frameworks */ = {
			isa = PBXFrameworksBuildPhase;
			buildActionMask = 2147483647;
			files = (
				6495316ADE1ECE38990FA360 /* libPods-WeatherTodayUITests.a in Frameworks */,
			);
			runOnlyForDeploymentPostprocessing = 0;
		};
/* End PBXFrameworksBuildPhase section */

/* Begin PBXGroup section */
		52514284B5B4FD82878CF67F /* Frameworks */ = {
			isa = PBXGroup;
			children = (
				33C5632DC53E6C87FE7F1B5A /* Pods_WeatherToday.framework */,
				B16D5CCEAE2FF334EF54271F /* Pods_WeatherTodayTests.framework */,
				A4FA4C4D0ED75BB4CEC96893 /* libPods-WeatherTodayUITests.a */,
			);
			name = Frameworks;
			sourceTree = "<group>";
		};
		84268CE02848B6A0003D52EE /* Extensions */ = {
			isa = PBXGroup;
			children = (
				84268CE12848B6D1003D52EE /* QuickSpec+Await.swift */,
			);
			path = Extensions;
			sourceTree = "<group>";
		};
		8476CB50284DE2A5006E915F /* Routing */ = {
			isa = PBXGroup;
			children = (
				8476CB56284DE448006E915F /* Navigator */,
				8476CB51284DE2B0006E915F /* RoutingEnum */,
			);
			path = Routing;
			sourceTree = "<group>";
		};
		8476CB51284DE2B0006E915F /* RoutingEnum */ = {
			isa = PBXGroup;
			children = (
				8476CB52284DE2C7006E915F /* RoutingEnum.swift */,
				8476CB54284DE3B4006E915F /* RoutingEnum+Navigation.swift */,
				8476CB77284DF5C4006E915F /* RoutingEnum+Configuration.swift */,
			);
			path = RoutingEnum;
			sourceTree = "<group>";
		};
		8476CB56284DE448006E915F /* Navigator */ = {
			isa = PBXGroup;
			children = (
				8476CB57284DE45F006E915F /* PageNavigator.swift */,
				8476CB59284DE490006E915F /* RoutingTransitionStyle.swift */,
				8476CB5B284DE4FA006E915F /* UiPageNavigator.swift */,
				8476CB5F284DE74B006E915F /* NavigationRouterEnum.swift */,
				8476CB61284DE7C4006E915F /* NavigationRouter.swift */,
			);
			path = Navigator;
			sourceTree = "<group>";
		};
		8476CB63284DEB2A006E915F /* CommonUi */ = {
			isa = PBXGroup;
			children = (
				8476CB64284DEB36006E915F /* BaseVC */,
			);
			path = CommonUi;
			sourceTree = "<group>";
		};
		8476CB64284DEB36006E915F /* BaseVC */ = {
			isa = PBXGroup;
			children = (
				8476CB65284DEB4D006E915F /* MDViewController.swift */,
			);
			path = BaseVC;
			sourceTree = "<group>";
		};
		8476CB67284DEEAB006E915F /* Transitioning */ = {
			isa = PBXGroup;
			children = (
				8476CB68284DEEBB006E915F /* ModalTransitioning */,
			);
			path = Transitioning;
			sourceTree = "<group>";
		};
		8476CB68284DEEBB006E915F /* ModalTransitioning */ = {
			isa = PBXGroup;
			children = (
				8476CB69284DEED3006E915F /* ModalTransitioningDelegate.swift */,
				8476CB6B284DEF01006E915F /* ModalTransitionAnimator.swift */,
				8476CB73284DF2E3006E915F /* ModalPresentationController.swift */,
			);
			path = ModalTransitioning;
			sourceTree = "<group>";
		};
		8476CB6D284DF064006E915F /* NibLoadableView */ = {
			isa = PBXGroup;
			children = (
				8476CB6E284DF07F006E915F /* NibLoadableView.swift */,
			);
			path = NibLoadableView;
			sourceTree = "<group>";
		};
		8476CB70284DF1C6006E915F /* Optional */ = {
			isa = PBXGroup;
			children = (
				8476CB71284DF1E1006E915F /* Optional+Required.swift */,
			);
			path = Optional;
			sourceTree = "<group>";
		};
		8479932F2847A6DF0015EBC1 /* APIStubs */ = {
			isa = PBXGroup;
			children = (
				847D7E682848D10D00AD0DBC /* jsons */,
				84268CE32848C0D0003D52EE /* WeatherStub.swift */,
			);
			path = APIStubs;
			sourceTree = "<group>";
		};
		847993322847B2C80015EBC1 /* ViewModels */ = {
			isa = PBXGroup;
			children = (
				84268CDE2848B31F003D52EE /* WeatherVMSpec.swift */,
			);
			path = ViewModels;
			sourceTree = "<group>";
		};
		847D7E632848CDD100AD0DBC /* Extensions */ = {
			isa = PBXGroup;
			children = (
				8476CB70284DF1C6006E915F /* Optional */,
				8476CB6D284DF064006E915F /* NibLoadableView */,
				847D7E642848CDF600AD0DBC /* Dictionary+Json.swift */,
				8476CB5D284DE5AF006E915F /* EnumCaseName.swift */,
				8476CB75284DF368006E915F /* UIView+DropShadow.swift */,
			);
			path = Extensions;
			sourceTree = "<group>";
		};
		847D7E682848D10D00AD0DBC /* jsons */ = {
			isa = PBXGroup;
			children = (
				847D7E692848D25400AD0DBC /* success_weather_response.json */,
			);
			path = jsons;
			sourceTree = "<group>";
		};
		84A379882750CE2A0071CA81 = {
			isa = PBXGroup;
			children = (
				84A379932750CE2A0071CA81 /* WeatherToday */,
				84A379AA2750CE2C0071CA81 /* WeatherTodayTests */,
				84A379B42750CE2C0071CA81 /* WeatherTodayUITests */,
				84A379922750CE2A0071CA81 /* Products */,
				F13F10A28EE11D127177FC0A /* Pods */,
				52514284B5B4FD82878CF67F /* Frameworks */,
			);
			sourceTree = "<group>";
		};
		84A379922750CE2A0071CA81 /* Products */ = {
			isa = PBXGroup;
			children = (
				84A379912750CE2A0071CA81 /* WeatherToday.app */,
				84A379A72750CE2C0071CA81 /* WeatherTodayTests.xctest */,
				84A379B12750CE2C0071CA81 /* WeatherTodayUITests.xctest */,
			);
			name = Products;
			sourceTree = "<group>";
		};
		84A379932750CE2A0071CA81 /* WeatherToday */ = {
			isa = PBXGroup;
			children = (
				8476CB67284DEEAB006E915F /* Transitioning */,
				8476CB63284DEB2A006E915F /* CommonUi */,
				8476CB50284DE2A5006E915F /* Routing */,
				84A379C42750CE8C0071CA81 /* AppDelegate */,
				84A379CC2750D09D0071CA81 /* Application */,
				847D7E632848CDD100AD0DBC /* Extensions */,
				84A379C72750CFD30071CA81 /* Models */,
				84A379CA2750D0090071CA81 /* Networking */,
				84A379C52750CEFF0071CA81 /* Resources */,
				84A379C62750CF3E0071CA81 /* SupportingFiles */,
				84A379CD2750D39F0071CA81 /* Utils */,
			);
			path = WeatherToday;
			sourceTree = "<group>";
		};
		84A379AA2750CE2C0071CA81 /* WeatherTodayTests */ = {
			isa = PBXGroup;
			children = (
				8479932F2847A6DF0015EBC1 /* APIStubs */,
				84268CE02848B6A0003D52EE /* Extensions */,
				847993322847B2C80015EBC1 /* ViewModels */,
			);
			path = WeatherTodayTests;
			sourceTree = "<group>";
		};
		84A379B42750CE2C0071CA81 /* WeatherTodayUITests */ = {
			isa = PBXGroup;
			children = (
				84A379B52750CE2C0071CA81 /* WeatherTodayUITests.swift */,
				84A379B72750CE2C0071CA81 /* WeatherTodayUITestsLaunchTests.swift */,
			);
			path = WeatherTodayUITests;
			sourceTree = "<group>";
		};
		84A379C42750CE8C0071CA81 /* AppDelegate */ = {
			isa = PBXGroup;
			children = (
				84A379962750CE2A0071CA81 /* SceneDelegate.swift */,
				84A379942750CE2A0071CA81 /* AppDelegate.swift */,
			);
			path = AppDelegate;
			sourceTree = "<group>";
		};
		84A379C52750CEFF0071CA81 /* Resources */ = {
			isa = PBXGroup;
			children = (
				84A3799D2750CE2C0071CA81 /* Assets.xcassets */,
			);
			path = Resources;
			sourceTree = "<group>";
		};
		84A379C62750CF3E0071CA81 /* SupportingFiles */ = {
			isa = PBXGroup;
			children = (
				84A379DA2750DC380071CA81 /* Main.storyboard */,
				84A3799F2750CE2C0071CA81 /* LaunchScreen.storyboard */,
				84A379A22750CE2C0071CA81 /* Info.plist */,
			);
			path = SupportingFiles;
			sourceTree = "<group>";
		};
		84A379C72750CFD30071CA81 /* Models */ = {
			isa = PBXGroup;
			children = (
				84A379C92750CFED0071CA81 /* Response */,
				84A379C82750CFE00071CA81 /* Request */,
			);
			path = Models;
			sourceTree = "<group>";
		};
		84A379C82750CFE00071CA81 /* Request */ = {
			isa = PBXGroup;
			children = (
			);
			path = Request;
			sourceTree = "<group>";
		};
		84A379C92750CFED0071CA81 /* Response */ = {
			isa = PBXGroup;
			children = (
				84A379D92750DADB0071CA81 /* Weather */,
			);
			path = Response;
			sourceTree = "<group>";
		};
		84A379CA2750D0090071CA81 /* Networking */ = {
			isa = PBXGroup;
			children = (
				84A379CB2750D0380071CA81 /* APIs */,
			);
			path = Networking;
			sourceTree = "<group>";
		};
		84A379CB2750D0380071CA81 /* APIs */ = {
			isa = PBXGroup;
			children = (
				84FB7825275106CC0050E85D /* Weather */,
				84A379EE2750DDAB0071CA81 /* BaseAPI */,
			);
			path = APIs;
			sourceTree = "<group>";
		};
		84A379CC2750D09D0071CA81 /* Application */ = {
			isa = PBXGroup;
			children = (
				84A379CE2750D4530071CA81 /* Weather */,
			);
			path = Application;
			sourceTree = "<group>";
		};
		84A379CD2750D39F0071CA81 /* Utils */ = {
			isa = PBXGroup;
			children = (
				84A379EB2750DD820071CA81 /* Session.swift */,
				84A379EA2750DD820071CA81 /* Utilities.swift */,
				847D7E662848CE7100AD0DBC /* SafeUnwrap.swift */,
			);
			path = Utils;
			sourceTree = "<group>";
		};
		84A379CE2750D4530071CA81 /* Weather */ = {
			isa = PBXGroup;
			children = (
				84A379F72750E0760071CA81 /* DailyCell */,
				84A379F82750E0940071CA81 /* HourlyCell */,
				84A379F92750E0A60071CA81 /* ForecastCell */,
				84A379F12750E0060071CA81 /* WeatherVC.swift */,
				84A379F42750E0240071CA81 /* WeatherVM.swift */,
			);
			path = Weather;
			sourceTree = "<group>";
		};
		84A379D92750DADB0071CA81 /* Weather */ = {
			isa = PBXGroup;
			children = (
				84A379CF2750DABE0071CA81 /* Currently.swift */,
				84A379D02750DABE0071CA81 /* Daily.swift */,
				84A379D32750DABF0071CA81 /* Data.swift */,
				84A379D12750DABF0071CA81 /* Hourly.swift */,
				84A379D22750DABF0071CA81 /* WeatherResponse.swift */,
			);
			path = Weather;
			sourceTree = "<group>";
		};
		84A379EE2750DDAB0071CA81 /* BaseAPI */ = {
			isa = PBXGroup;
			children = (
				84A379EF2750DDC50071CA81 /* MySessionManager.swift */,
			);
			path = BaseAPI;
			sourceTree = "<group>";
		};
		84A379F72750E0760071CA81 /* DailyCell */ = {
			isa = PBXGroup;
			children = (
				84A379FA2750E3DD0071CA81 /* DailyTableViewCell.xib */,
				84A379E22750DD5D0071CA81 /* DailyTableViewCell.swift */,
			);
			path = DailyCell;
			sourceTree = "<group>";
		};
		84A379F82750E0940071CA81 /* HourlyCell */ = {
			isa = PBXGroup;
			children = (
				84A379E12750DD5D0071CA81 /* HourlyCollectionViewCell.swift */,
				84A379E32750DD5D0071CA81 /* HourlyCollectionViewCell.xib */,
			);
			path = HourlyCell;
			sourceTree = "<group>";
		};
		84A379F92750E0A60071CA81 /* ForecastCell */ = {
			isa = PBXGroup;
			children = (
				84A379E42750DD5D0071CA81 /* ForecastTableViewCell.swift */,
			);
			path = ForecastCell;
			sourceTree = "<group>";
		};
		84FB7825275106CC0050E85D /* Weather */ = {
			isa = PBXGroup;
			children = (
				84FB7826275107000050E85D /* WeatherApi.swift */,
			);
			path = Weather;
			sourceTree = "<group>";
		};
		F13F10A28EE11D127177FC0A /* Pods */ = {
			isa = PBXGroup;
			children = (
				9D5867FD8BEDCCECA15D1AB5 /* Pods-WeatherToday.debug.xcconfig */,
				5AFA8213D000C277AF1E290A /* Pods-WeatherToday.release.xcconfig */,
				AEBDF76CA361173C5F9C2637 /* Pods-WeatherTodayTests.debug.xcconfig */,
				4DF0ADE33CFCD196928D4FB1 /* Pods-WeatherTodayTests.release.xcconfig */,
				CD35A5EEAB85413BF8F87140 /* Pods-WeatherTodayUITests.debug.xcconfig */,
				419E659D1805D2930F3AEC44 /* Pods-WeatherTodayUITests.release.xcconfig */,
			);
			path = Pods;
			sourceTree = "<group>";
		};
/* End PBXGroup section */

/* Begin PBXNativeTarget section */
		84A379902750CE2A0071CA81 /* WeatherToday */ = {
			isa = PBXNativeTarget;
			buildConfigurationList = 84A379BB2750CE2D0071CA81 /* Build configuration list for PBXNativeTarget "WeatherToday" */;
			buildPhases = (
				19BE49A8E55EA87351EDFEFF /* [CP] Check Pods Manifest.lock */,
				84A3798D2750CE2A0071CA81 /* Sources */,
				84A3798E2750CE2A0071CA81 /* Frameworks */,
				84A3798F2750CE2A0071CA81 /* Resources */,
				A6A0DA878625BBFA8D2A3380 /* [CP] Embed Pods Frameworks */,
			);
			buildRules = (
			);
			dependencies = (
			);
			name = WeatherToday;
			productName = WeatherToday;
			productReference = 84A379912750CE2A0071CA81 /* WeatherToday.app */;
			productType = "com.apple.product-type.application";
		};
		84A379A62750CE2C0071CA81 /* WeatherTodayTests */ = {
			isa = PBXNativeTarget;
			buildConfigurationList = 84A379BE2750CE2D0071CA81 /* Build configuration list for PBXNativeTarget "WeatherTodayTests" */;
			buildPhases = (
				77354BA297829438494AA1F2 /* [CP] Check Pods Manifest.lock */,
				84A379A32750CE2C0071CA81 /* Sources */,
				84A379A42750CE2C0071CA81 /* Frameworks */,
				84A379A52750CE2C0071CA81 /* Resources */,
				AE1FD6E31DAA9A5198A6ABBE /* [CP] Embed Pods Frameworks */,
			);
			buildRules = (
			);
			dependencies = (
				84A379A92750CE2C0071CA81 /* PBXTargetDependency */,
			);
			name = WeatherTodayTests;
			productName = WeatherTodayTests;
			productReference = 84A379A72750CE2C0071CA81 /* WeatherTodayTests.xctest */;
			productType = "com.apple.product-type.bundle.unit-test";
		};
		84A379B02750CE2C0071CA81 /* WeatherTodayUITests */ = {
			isa = PBXNativeTarget;
			buildConfigurationList = 84A379C12750CE2D0071CA81 /* Build configuration list for PBXNativeTarget "WeatherTodayUITests" */;
			buildPhases = (
				8FE7C1EDABC61D46C9C45E85 /* [CP] Check Pods Manifest.lock */,
				84A379AD2750CE2C0071CA81 /* Sources */,
				84A379AE2750CE2C0071CA81 /* Frameworks */,
				84A379AF2750CE2C0071CA81 /* Resources */,
			);
			buildRules = (
			);
			dependencies = (
				84A379B32750CE2C0071CA81 /* PBXTargetDependency */,
			);
			name = WeatherTodayUITests;
			productName = WeatherTodayUITests;
			productReference = 84A379B12750CE2C0071CA81 /* WeatherTodayUITests.xctest */;
			productType = "com.apple.product-type.bundle.ui-testing";
		};
/* End PBXNativeTarget section */

/* Begin PBXProject section */
		84A379892750CE2A0071CA81 /* Project object */ = {
			isa = PBXProject;
			attributes = {
				BuildIndependentTargetsInParallel = 1;
				LastSwiftUpdateCheck = 1310;
				LastUpgradeCheck = 1310;
				TargetAttributes = {
					84A379902750CE2A0071CA81 = {
						CreatedOnToolsVersion = 13.1;
					};
					84A379A62750CE2C0071CA81 = {
						CreatedOnToolsVersion = 13.1;
						TestTargetID = 84A379902750CE2A0071CA81;
					};
					84A379B02750CE2C0071CA81 = {
						CreatedOnToolsVersion = 13.1;
						TestTargetID = 84A379902750CE2A0071CA81;
					};
				};
			};
			buildConfigurationList = 84A3798C2750CE2A0071CA81 /* Build configuration list for PBXProject "WeatherToday" */;
			compatibilityVersion = "Xcode 13.0";
			developmentRegion = en;
			hasScannedForEncodings = 0;
			knownRegions = (
				en,
				Base,
			);
			mainGroup = 84A379882750CE2A0071CA81;
			productRefGroup = 84A379922750CE2A0071CA81 /* Products */;
			projectDirPath = "";
			projectRoot = "";
			targets = (
				84A379902750CE2A0071CA81 /* WeatherToday */,
				84A379A62750CE2C0071CA81 /* WeatherTodayTests */,
				84A379B02750CE2C0071CA81 /* WeatherTodayUITests */,
			);
		};
/* End PBXProject section */

/* Begin PBXResourcesBuildPhase section */
		84A3798F2750CE2A0071CA81 /* Resources */ = {
			isa = PBXResourcesBuildPhase;
			buildActionMask = 2147483647;
			files = (
				84A379DB2750DC380071CA81 /* Main.storyboard in Resources */,
				84A379FB2750E3DD0071CA81 /* DailyTableViewCell.xib in Resources */,
				84A379A12750CE2C0071CA81 /* LaunchScreen.storyboard in Resources */,
				84A3799E2750CE2C0071CA81 /* Assets.xcassets in Resources */,
				84A379E82750DD5D0071CA81 /* HourlyCollectionViewCell.xib in Resources */,
			);
			runOnlyForDeploymentPostprocessing = 0;
		};
		84A379A52750CE2C0071CA81 /* Resources */ = {
			isa = PBXResourcesBuildPhase;
			buildActionMask = 2147483647;
			files = (
				84A379FC2750E3DD0071CA81 /* DailyTableViewCell.xib in Resources */,
				847D7E6A2848D25400AD0DBC /* success_weather_response.json in Resources */,
			);
			runOnlyForDeploymentPostprocessing = 0;
		};
		84A379AF2750CE2C0071CA81 /* Resources */ = {
			isa = PBXResourcesBuildPhase;
			buildActionMask = 2147483647;
			files = (
			);
			runOnlyForDeploymentPostprocessing = 0;
		};
/* End PBXResourcesBuildPhase section */

/* Begin PBXShellScriptBuildPhase section */
		19BE49A8E55EA87351EDFEFF /* [CP] Check Pods Manifest.lock */ = {
			isa = PBXShellScriptBuildPhase;
			buildActionMask = 2147483647;
			files = (
			);
			inputFileListPaths = (
			);
			inputPaths = (
				"${PODS_PODFILE_DIR_PATH}/Podfile.lock",
				"${PODS_ROOT}/Manifest.lock",
			);
			name = "[CP] Check Pods Manifest.lock";
			outputFileListPaths = (
			);
			outputPaths = (
				"$(DERIVED_FILE_DIR)/Pods-WeatherToday-checkManifestLockResult.txt",
			);
			runOnlyForDeploymentPostprocessing = 0;
			shellPath = /bin/sh;
			shellScript = "diff \"${PODS_PODFILE_DIR_PATH}/Podfile.lock\" \"${PODS_ROOT}/Manifest.lock\" > /dev/null\nif [ $? != 0 ] ; then\n    # print error to STDERR\n    echo \"error: The sandbox is not in sync with the Podfile.lock. Run 'pod install' or update your CocoaPods installation.\" >&2\n    exit 1\nfi\n# This output is used by Xcode 'outputs' to avoid re-running this script phase.\necho \"SUCCESS\" > \"${SCRIPT_OUTPUT_FILE_0}\"\n";
			showEnvVarsInLog = 0;
		};
		77354BA297829438494AA1F2 /* [CP] Check Pods Manifest.lock */ = {
			isa = PBXShellScriptBuildPhase;
			buildActionMask = 2147483647;
			files = (
			);
			inputFileListPaths = (
			);
			inputPaths = (
				"${PODS_PODFILE_DIR_PATH}/Podfile.lock",
				"${PODS_ROOT}/Manifest.lock",
			);
			name = "[CP] Check Pods Manifest.lock";
			outputFileListPaths = (
			);
			outputPaths = (
				"$(DERIVED_FILE_DIR)/Pods-WeatherTodayTests-checkManifestLockResult.txt",
			);
			runOnlyForDeploymentPostprocessing = 0;
			shellPath = /bin/sh;
			shellScript = "diff \"${PODS_PODFILE_DIR_PATH}/Podfile.lock\" \"${PODS_ROOT}/Manifest.lock\" > /dev/null\nif [ $? != 0 ] ; then\n    # print error to STDERR\n    echo \"error: The sandbox is not in sync with the Podfile.lock. Run 'pod install' or update your CocoaPods installation.\" >&2\n    exit 1\nfi\n# This output is used by Xcode 'outputs' to avoid re-running this script phase.\necho \"SUCCESS\" > \"${SCRIPT_OUTPUT_FILE_0}\"\n";
			showEnvVarsInLog = 0;
		};
		8FE7C1EDABC61D46C9C45E85 /* [CP] Check Pods Manifest.lock */ = {
			isa = PBXShellScriptBuildPhase;
			buildActionMask = 2147483647;
			files = (
			);
			inputFileListPaths = (
			);
			inputPaths = (
				"${PODS_PODFILE_DIR_PATH}/Podfile.lock",
				"${PODS_ROOT}/Manifest.lock",
			);
			name = "[CP] Check Pods Manifest.lock";
			outputFileListPaths = (
			);
			outputPaths = (
				"$(DERIVED_FILE_DIR)/Pods-WeatherTodayUITests-checkManifestLockResult.txt",
			);
			runOnlyForDeploymentPostprocessing = 0;
			shellPath = /bin/sh;
			shellScript = "diff \"${PODS_PODFILE_DIR_PATH}/Podfile.lock\" \"${PODS_ROOT}/Manifest.lock\" > /dev/null\nif [ $? != 0 ] ; then\n    # print error to STDERR\n    echo \"error: The sandbox is not in sync with the Podfile.lock. Run 'pod install' or update your CocoaPods installation.\" >&2\n    exit 1\nfi\n# This output is used by Xcode 'outputs' to avoid re-running this script phase.\necho \"SUCCESS\" > \"${SCRIPT_OUTPUT_FILE_0}\"\n";
			showEnvVarsInLog = 0;
		};
		A6A0DA878625BBFA8D2A3380 /* [CP] Embed Pods Frameworks */ = {
			isa = PBXShellScriptBuildPhase;
			buildActionMask = 2147483647;
			files = (
			);
			inputFileListPaths = (
				"${PODS_ROOT}/Target Support Files/Pods-WeatherToday/Pods-WeatherToday-frameworks-${CONFIGURATION}-input-files.xcfilelist",
			);
			name = "[CP] Embed Pods Frameworks";
			outputFileListPaths = (
				"${PODS_ROOT}/Target Support Files/Pods-WeatherToday/Pods-WeatherToday-frameworks-${CONFIGURATION}-output-files.xcfilelist",
			);
			runOnlyForDeploymentPostprocessing = 0;
			shellPath = /bin/sh;
			shellScript = "\"${PODS_ROOT}/Target Support Files/Pods-WeatherToday/Pods-WeatherToday-frameworks.sh\"\n";
			showEnvVarsInLog = 0;
		};
		AE1FD6E31DAA9A5198A6ABBE /* [CP] Embed Pods Frameworks */ = {
			isa = PBXShellScriptBuildPhase;
			buildActionMask = 2147483647;
			files = (
			);
			inputFileListPaths = (
				"${PODS_ROOT}/Target Support Files/Pods-WeatherTodayTests/Pods-WeatherTodayTests-frameworks-${CONFIGURATION}-input-files.xcfilelist",
			);
			name = "[CP] Embed Pods Frameworks";
			outputFileListPaths = (
				"${PODS_ROOT}/Target Support Files/Pods-WeatherTodayTests/Pods-WeatherTodayTests-frameworks-${CONFIGURATION}-output-files.xcfilelist",
			);
			runOnlyForDeploymentPostprocessing = 0;
			shellPath = /bin/sh;
			shellScript = "\"${PODS_ROOT}/Target Support Files/Pods-WeatherTodayTests/Pods-WeatherTodayTests-frameworks.sh\"\n";
			showEnvVarsInLog = 0;
		};
/* End PBXShellScriptBuildPhase section */

/* Begin PBXSourcesBuildPhase section */
		84A3798D2750CE2A0071CA81 /* Sources */ = {
			isa = PBXSourcesBuildPhase;
			buildActionMask = 2147483647;
			files = (
				84A379D62750DABF0071CA81 /* Hourly.swift in Sources */,
				84A379E72750DD5D0071CA81 /* DailyTableViewCell.swift in Sources */,
				84A379F02750DDC50071CA81 /* MySessionManager.swift in Sources */,
				84A379D52750DABF0071CA81 /* Daily.swift in Sources */,
				84A379F22750E0060071CA81 /* WeatherVC.swift in Sources */,
				84A379E62750DD5D0071CA81 /* HourlyCollectionViewCell.swift in Sources */,
				8476CB6F284DF07F006E915F /* NibLoadableView.swift in Sources */,
				84A379952750CE2A0071CA81 /* AppDelegate.swift in Sources */,
				8476CB55284DE3B4006E915F /* RoutingEnum+Navigation.swift in Sources */,
				84A379D42750DABF0071CA81 /* Currently.swift in Sources */,
				84A379EC2750DD820071CA81 /* Utilities.swift in Sources */,
				8476CB62284DE7C4006E915F /* NavigationRouter.swift in Sources */,
				8476CB72284DF1E1006E915F /* Optional+Required.swift in Sources */,
				84A379ED2750DD820071CA81 /* Session.swift in Sources */,
				8476CB6A284DEED3006E915F /* ModalTransitioningDelegate.swift in Sources */,
				84A379972750CE2A0071CA81 /* SceneDelegate.swift in Sources */,
				8476CB53284DE2C7006E915F /* RoutingEnum.swift in Sources */,
				84A379E92750DD5D0071CA81 /* ForecastTableViewCell.swift in Sources */,
				84FB7827275107000050E85D /* WeatherApi.swift in Sources */,
				8476CB5E284DE5AF006E915F /* EnumCaseName.swift in Sources */,
				8476CB6C284DEF01006E915F /* ModalTransitionAnimator.swift in Sources */,
				847D7E672848CE7100AD0DBC /* SafeUnwrap.swift in Sources */,
				84A379F52750E0240071CA81 /* WeatherVM.swift in Sources */,
				8476CB5A284DE490006E915F /* RoutingTransitionStyle.swift in Sources */,
				8476CB76284DF368006E915F /* UIView+DropShadow.swift in Sources */,
				847D7E652848CDF600AD0DBC /* Dictionary+Json.swift in Sources */,
				8476CB60284DE74B006E915F /* NavigationRouterEnum.swift in Sources */,
				8476CB66284DEB4D006E915F /* MDViewController.swift in Sources */,
				8476CB78284DF5C4006E915F /* RoutingEnum+Configuration.swift in Sources */,
				8476CB74284DF2E3006E915F /* ModalPresentationController.swift in Sources */,
				8476CB5C284DE4FA006E915F /* UiPageNavigator.swift in Sources */,
				84A379D72750DABF0071CA81 /* WeatherResponse.swift in Sources */,
				8476CB58284DE45F006E915F /* PageNavigator.swift in Sources */,
				84A379D82750DABF0071CA81 /* Data.swift in Sources */,
			);
			runOnlyForDeploymentPostprocessing = 0;
		};
		84A379A32750CE2C0071CA81 /* Sources */ = {
			isa = PBXSourcesBuildPhase;
			buildActionMask = 2147483647;
			files = (
				84268CE22848B6D1003D52EE /* QuickSpec+Await.swift in Sources */,
				84A379F62750E0240071CA81 /* WeatherVM.swift in Sources */,
				847D7E6E2848D73300AD0DBC /* Currently.swift in Sources */,
				847D7E742848D79600AD0DBC /* HourlyCollectionViewCell.swift in Sources */,
				847D7E6B2848D66300AD0DBC /* MySessionManager.swift in Sources */,
				847D7E782848D7D800AD0DBC /* SafeUnwrap.swift in Sources */,
				84268CE42848C0D0003D52EE /* WeatherStub.swift in Sources */,
				84FB7828275107000050E85D /* WeatherApi.swift in Sources */,
				847D7E732848D78B00AD0DBC /* DailyTableViewCell.swift in Sources */,
				847D7E772848D7D400AD0DBC /* Session.swift in Sources */,
				847D7E712848D73B00AD0DBC /* Hourly.swift in Sources */,
				84268CDF2848B31F003D52EE /* WeatherVMSpec.swift in Sources */,
				847D7E752848D79A00AD0DBC /* ForecastTableViewCell.swift in Sources */,
				847D7E702848D73900AD0DBC /* Data.swift in Sources */,
				847D7E722848D73F00AD0DBC /* Dictionary+Json.swift in Sources */,
				847D7E6C2848D6F000AD0DBC /* Utilities.swift in Sources */,
				847D7E6F2848D73600AD0DBC /* Daily.swift in Sources */,
				847D7E6D2848D72F00AD0DBC /* WeatherResponse.swift in Sources */,
				84A379F32750E0060071CA81 /* WeatherVC.swift in Sources */,
			);
			runOnlyForDeploymentPostprocessing = 0;
		};
		84A379AD2750CE2C0071CA81 /* Sources */ = {
			isa = PBXSourcesBuildPhase;
			buildActionMask = 2147483647;
			files = (
				84A379B62750CE2C0071CA81 /* WeatherTodayUITests.swift in Sources */,
				84A379B82750CE2C0071CA81 /* WeatherTodayUITestsLaunchTests.swift in Sources */,
			);
			runOnlyForDeploymentPostprocessing = 0;
		};
/* End PBXSourcesBuildPhase section */

/* Begin PBXTargetDependency section */
		84A379A92750CE2C0071CA81 /* PBXTargetDependency */ = {
			isa = PBXTargetDependency;
			target = 84A379902750CE2A0071CA81 /* WeatherToday */;
			targetProxy = 84A379A82750CE2C0071CA81 /* PBXContainerItemProxy */;
		};
		84A379B32750CE2C0071CA81 /* PBXTargetDependency */ = {
			isa = PBXTargetDependency;
			target = 84A379902750CE2A0071CA81 /* WeatherToday */;
			targetProxy = 84A379B22750CE2C0071CA81 /* PBXContainerItemProxy */;
		};
/* End PBXTargetDependency section */

/* Begin PBXVariantGroup section */
		84A3799F2750CE2C0071CA81 /* LaunchScreen.storyboard */ = {
			isa = PBXVariantGroup;
			children = (
				84A379A02750CE2C0071CA81 /* Base */,
			);
			name = LaunchScreen.storyboard;
			sourceTree = "<group>";
		};
/* End PBXVariantGroup section */

/* Begin XCBuildConfiguration section */
		84A379B92750CE2D0071CA81 /* Debug */ = {
			isa = XCBuildConfiguration;
			buildSettings = {
				ALWAYS_SEARCH_USER_PATHS = NO;
				CLANG_ANALYZER_NONNULL = YES;
				CLANG_ANALYZER_NUMBER_OBJECT_CONVERSION = YES_AGGRESSIVE;
				CLANG_CXX_LANGUAGE_STANDARD = "gnu++17";
				CLANG_CXX_LIBRARY = "libc++";
				CLANG_ENABLE_MODULES = YES;
				CLANG_ENABLE_OBJC_ARC = YES;
				CLANG_ENABLE_OBJC_WEAK = YES;
				CLANG_WARN_BLOCK_CAPTURE_AUTORELEASING = YES;
				CLANG_WARN_BOOL_CONVERSION = YES;
				CLANG_WARN_COMMA = YES;
				CLANG_WARN_CONSTANT_CONVERSION = YES;
				CLANG_WARN_DEPRECATED_OBJC_IMPLEMENTATIONS = YES;
				CLANG_WARN_DIRECT_OBJC_ISA_USAGE = YES_ERROR;
				CLANG_WARN_DOCUMENTATION_COMMENTS = YES;
				CLANG_WARN_EMPTY_BODY = YES;
				CLANG_WARN_ENUM_CONVERSION = YES;
				CLANG_WARN_INFINITE_RECURSION = YES;
				CLANG_WARN_INT_CONVERSION = YES;
				CLANG_WARN_NON_LITERAL_NULL_CONVERSION = YES;
				CLANG_WARN_OBJC_IMPLICIT_RETAIN_SELF = YES;
				CLANG_WARN_OBJC_LITERAL_CONVERSION = YES;
				CLANG_WARN_OBJC_ROOT_CLASS = YES_ERROR;
				CLANG_WARN_QUOTED_INCLUDE_IN_FRAMEWORK_HEADER = YES;
				CLANG_WARN_RANGE_LOOP_ANALYSIS = YES;
				CLANG_WARN_STRICT_PROTOTYPES = YES;
				CLANG_WARN_SUSPICIOUS_MOVE = YES;
				CLANG_WARN_UNGUARDED_AVAILABILITY = YES_AGGRESSIVE;
				CLANG_WARN_UNREACHABLE_CODE = YES;
				CLANG_WARN__DUPLICATE_METHOD_MATCH = YES;
				COPY_PHASE_STRIP = NO;
				DEBUG_INFORMATION_FORMAT = dwarf;
				ENABLE_STRICT_OBJC_MSGSEND = YES;
				ENABLE_TESTABILITY = YES;
				GCC_C_LANGUAGE_STANDARD = gnu11;
				GCC_DYNAMIC_NO_PIC = NO;
				GCC_NO_COMMON_BLOCKS = YES;
				GCC_OPTIMIZATION_LEVEL = 0;
				GCC_PREPROCESSOR_DEFINITIONS = (
					"DEBUG=1",
					"$(inherited)",
				);
				GCC_WARN_64_TO_32_BIT_CONVERSION = YES;
				GCC_WARN_ABOUT_RETURN_TYPE = YES_ERROR;
				GCC_WARN_UNDECLARED_SELECTOR = YES;
				GCC_WARN_UNINITIALIZED_AUTOS = YES_AGGRESSIVE;
				GCC_WARN_UNUSED_FUNCTION = YES;
				GCC_WARN_UNUSED_VARIABLE = YES;
				IPHONEOS_DEPLOYMENT_TARGET = 15.0;
				MTL_ENABLE_DEBUG_INFO = INCLUDE_SOURCE;
				MTL_FAST_MATH = YES;
				ONLY_ACTIVE_ARCH = YES;
				SDKROOT = iphoneos;
				SWIFT_ACTIVE_COMPILATION_CONDITIONS = DEBUG;
				SWIFT_OPTIMIZATION_LEVEL = "-Onone";
			};
			name = Debug;
		};
		84A379BA2750CE2D0071CA81 /* Release */ = {
			isa = XCBuildConfiguration;
			buildSettings = {
				ALWAYS_SEARCH_USER_PATHS = NO;
				CLANG_ANALYZER_NONNULL = YES;
				CLANG_ANALYZER_NUMBER_OBJECT_CONVERSION = YES_AGGRESSIVE;
				CLANG_CXX_LANGUAGE_STANDARD = "gnu++17";
				CLANG_CXX_LIBRARY = "libc++";
				CLANG_ENABLE_MODULES = YES;
				CLANG_ENABLE_OBJC_ARC = YES;
				CLANG_ENABLE_OBJC_WEAK = YES;
				CLANG_WARN_BLOCK_CAPTURE_AUTORELEASING = YES;
				CLANG_WARN_BOOL_CONVERSION = YES;
				CLANG_WARN_COMMA = YES;
				CLANG_WARN_CONSTANT_CONVERSION = YES;
				CLANG_WARN_DEPRECATED_OBJC_IMPLEMENTATIONS = YES;
				CLANG_WARN_DIRECT_OBJC_ISA_USAGE = YES_ERROR;
				CLANG_WARN_DOCUMENTATION_COMMENTS = YES;
				CLANG_WARN_EMPTY_BODY = YES;
				CLANG_WARN_ENUM_CONVERSION = YES;
				CLANG_WARN_INFINITE_RECURSION = YES;
				CLANG_WARN_INT_CONVERSION = YES;
				CLANG_WARN_NON_LITERAL_NULL_CONVERSION = YES;
				CLANG_WARN_OBJC_IMPLICIT_RETAIN_SELF = YES;
				CLANG_WARN_OBJC_LITERAL_CONVERSION = YES;
				CLANG_WARN_OBJC_ROOT_CLASS = YES_ERROR;
				CLANG_WARN_QUOTED_INCLUDE_IN_FRAMEWORK_HEADER = YES;
				CLANG_WARN_RANGE_LOOP_ANALYSIS = YES;
				CLANG_WARN_STRICT_PROTOTYPES = YES;
				CLANG_WARN_SUSPICIOUS_MOVE = YES;
				CLANG_WARN_UNGUARDED_AVAILABILITY = YES_AGGRESSIVE;
				CLANG_WARN_UNREACHABLE_CODE = YES;
				CLANG_WARN__DUPLICATE_METHOD_MATCH = YES;
				COPY_PHASE_STRIP = NO;
				DEBUG_INFORMATION_FORMAT = "dwarf-with-dsym";
				ENABLE_NS_ASSERTIONS = NO;
				ENABLE_STRICT_OBJC_MSGSEND = YES;
				GCC_C_LANGUAGE_STANDARD = gnu11;
				GCC_NO_COMMON_BLOCKS = YES;
				GCC_WARN_64_TO_32_BIT_CONVERSION = YES;
				GCC_WARN_ABOUT_RETURN_TYPE = YES_ERROR;
				GCC_WARN_UNDECLARED_SELECTOR = YES;
				GCC_WARN_UNINITIALIZED_AUTOS = YES_AGGRESSIVE;
				GCC_WARN_UNUSED_FUNCTION = YES;
				GCC_WARN_UNUSED_VARIABLE = YES;
				IPHONEOS_DEPLOYMENT_TARGET = 15.0;
				MTL_ENABLE_DEBUG_INFO = NO;
				MTL_FAST_MATH = YES;
				SDKROOT = iphoneos;
				SWIFT_COMPILATION_MODE = wholemodule;
				SWIFT_OPTIMIZATION_LEVEL = "-O";
				VALIDATE_PRODUCT = YES;
			};
			name = Release;
		};
		84A379BC2750CE2D0071CA81 /* Debug */ = {
			isa = XCBuildConfiguration;
			baseConfigurationReference = 9D5867FD8BEDCCECA15D1AB5 /* Pods-WeatherToday.debug.xcconfig */;
			buildSettings = {
				ASSETCATALOG_COMPILER_APPICON_NAME = AppIcon;
				ASSETCATALOG_COMPILER_GLOBAL_ACCENT_COLOR_NAME = AccentColor;
				CODE_SIGN_STYLE = Automatic;
				CURRENT_PROJECT_VERSION = 1;
				DEVELOPMENT_TEAM = KHRD8446CX;
				GENERATE_INFOPLIST_FILE = YES;
				INFOPLIST_FILE = WeatherToday/SupportingFiles/Info.plist;
				INFOPLIST_KEY_NSLocationAlwaysAndWhenInUseUsageDescription = "We’ll use this to personalize your app experience";
				INFOPLIST_KEY_NSLocationAlwaysUsageDescription = "We’ll use this to personalize your app experience";
				INFOPLIST_KEY_NSLocationWhenInUseUsageDescription = "We’ll use this to personalize your app experience";
				INFOPLIST_KEY_UIApplicationSupportsIndirectInputEvents = YES;
				INFOPLIST_KEY_UILaunchStoryboardName = LaunchScreen;
				INFOPLIST_KEY_UISupportedInterfaceOrientations_iPad = "UIInterfaceOrientationPortrait UIInterfaceOrientationPortraitUpsideDown UIInterfaceOrientationLandscapeLeft UIInterfaceOrientationLandscapeRight";
				INFOPLIST_KEY_UISupportedInterfaceOrientations_iPhone = "UIInterfaceOrientationPortrait UIInterfaceOrientationLandscapeLeft UIInterfaceOrientationLandscapeRight";
				LD_RUNPATH_SEARCH_PATHS = (
					"$(inherited)",
					"@executable_path/Frameworks",
				);
				MARKETING_VERSION = 1.0;
				PRODUCT_BUNDLE_IDENTIFIER = magiclamp.WeatherToday;
				PRODUCT_NAME = "$(TARGET_NAME)";
				SWIFT_EMIT_LOC_STRINGS = YES;
				SWIFT_VERSION = 5.0;
				TARGETED_DEVICE_FAMILY = "1,2";
			};
			name = Debug;
		};
		84A379BD2750CE2D0071CA81 /* Release */ = {
			isa = XCBuildConfiguration;
			baseConfigurationReference = 5AFA8213D000C277AF1E290A /* Pods-WeatherToday.release.xcconfig */;
			buildSettings = {
				ASSETCATALOG_COMPILER_APPICON_NAME = AppIcon;
				ASSETCATALOG_COMPILER_GLOBAL_ACCENT_COLOR_NAME = AccentColor;
				CODE_SIGN_STYLE = Automatic;
				CURRENT_PROJECT_VERSION = 1;
				DEVELOPMENT_TEAM = KHRD8446CX;
				GENERATE_INFOPLIST_FILE = YES;
				INFOPLIST_FILE = WeatherToday/SupportingFiles/Info.plist;
				INFOPLIST_KEY_NSLocationAlwaysAndWhenInUseUsageDescription = "We’ll use this to personalize your app experience";
				INFOPLIST_KEY_NSLocationAlwaysUsageDescription = "We’ll use this to personalize your app experience";
				INFOPLIST_KEY_NSLocationWhenInUseUsageDescription = "We’ll use this to personalize your app experience";
				INFOPLIST_KEY_UIApplicationSupportsIndirectInputEvents = YES;
				INFOPLIST_KEY_UILaunchStoryboardName = LaunchScreen;
				INFOPLIST_KEY_UISupportedInterfaceOrientations_iPad = "UIInterfaceOrientationPortrait UIInterfaceOrientationPortraitUpsideDown UIInterfaceOrientationLandscapeLeft UIInterfaceOrientationLandscapeRight";
				INFOPLIST_KEY_UISupportedInterfaceOrientations_iPhone = "UIInterfaceOrientationPortrait UIInterfaceOrientationLandscapeLeft UIInterfaceOrientationLandscapeRight";
				LD_RUNPATH_SEARCH_PATHS = (
					"$(inherited)",
					"@executable_path/Frameworks",
				);
				MARKETING_VERSION = 1.0;
				PRODUCT_BUNDLE_IDENTIFIER = magiclamp.WeatherToday;
				PRODUCT_NAME = "$(TARGET_NAME)";
				SWIFT_EMIT_LOC_STRINGS = YES;
				SWIFT_VERSION = 5.0;
				TARGETED_DEVICE_FAMILY = "1,2";
			};
			name = Release;
		};
		84A379BF2750CE2D0071CA81 /* Debug */ = {
			isa = XCBuildConfiguration;
			baseConfigurationReference = AEBDF76CA361173C5F9C2637 /* Pods-WeatherTodayTests.debug.xcconfig */;
			buildSettings = {
				ALWAYS_EMBED_SWIFT_STANDARD_LIBRARIES = YES;
				BUNDLE_LOADER = "$(TEST_HOST)";
				CODE_SIGN_STYLE = Automatic;
				CURRENT_PROJECT_VERSION = 1;
				DEVELOPMENT_TEAM = KHRD8446CX;
				GENERATE_INFOPLIST_FILE = YES;
				IPHONEOS_DEPLOYMENT_TARGET = 15.0;
				LD_RUNPATH_SEARCH_PATHS = (
					"$(inherited)",
					"@executable_path/Frameworks",
					"@loader_path/Frameworks",
				);
				MARKETING_VERSION = 1.0;
				PRODUCT_BUNDLE_IDENTIFIER = magiclamp.WeatherTodayTests;
				PRODUCT_NAME = "$(TARGET_NAME)";
				SWIFT_EMIT_LOC_STRINGS = NO;
				SWIFT_VERSION = 5.0;
				TARGETED_DEVICE_FAMILY = "1,2";
				TEST_HOST = "$(BUILT_PRODUCTS_DIR)/WeatherToday.app/WeatherToday";
			};
			name = Debug;
		};
		84A379C02750CE2D0071CA81 /* Release */ = {
			isa = XCBuildConfiguration;
			baseConfigurationReference = 4DF0ADE33CFCD196928D4FB1 /* Pods-WeatherTodayTests.release.xcconfig */;
			buildSettings = {
				ALWAYS_EMBED_SWIFT_STANDARD_LIBRARIES = YES;
				BUNDLE_LOADER = "$(TEST_HOST)";
				CODE_SIGN_STYLE = Automatic;
				CURRENT_PROJECT_VERSION = 1;
				DEVELOPMENT_TEAM = KHRD8446CX;
				GENERATE_INFOPLIST_FILE = YES;
				IPHONEOS_DEPLOYMENT_TARGET = 15.0;
				LD_RUNPATH_SEARCH_PATHS = (
					"$(inherited)",
					"@executable_path/Frameworks",
					"@loader_path/Frameworks",
				);
				MARKETING_VERSION = 1.0;
				PRODUCT_BUNDLE_IDENTIFIER = magiclamp.WeatherTodayTests;
				PRODUCT_NAME = "$(TARGET_NAME)";
				SWIFT_EMIT_LOC_STRINGS = NO;
				SWIFT_VERSION = 5.0;
				TARGETED_DEVICE_FAMILY = "1,2";
				TEST_HOST = "$(BUILT_PRODUCTS_DIR)/WeatherToday.app/WeatherToday";
			};
			name = Release;
		};
		84A379C22750CE2D0071CA81 /* Debug */ = {
			isa = XCBuildConfiguration;
			baseConfigurationReference = CD35A5EEAB85413BF8F87140 /* Pods-WeatherTodayUITests.debug.xcconfig */;
			buildSettings = {
				ALWAYS_EMBED_SWIFT_STANDARD_LIBRARIES = YES;
				CODE_SIGN_STYLE = Automatic;
				CURRENT_PROJECT_VERSION = 1;
				DEVELOPMENT_TEAM = KHRD8446CX;
				GENERATE_INFOPLIST_FILE = YES;
				LD_RUNPATH_SEARCH_PATHS = (
					"$(inherited)",
					"@executable_path/Frameworks",
					"@loader_path/Frameworks",
				);
				MARKETING_VERSION = 1.0;
				PRODUCT_BUNDLE_IDENTIFIER = magiclamp.WeatherTodayUITests;
				PRODUCT_NAME = "$(TARGET_NAME)";
				SWIFT_EMIT_LOC_STRINGS = NO;
				SWIFT_VERSION = 5.0;
				TARGETED_DEVICE_FAMILY = "1,2";
				TEST_TARGET_NAME = WeatherToday;
			};
			name = Debug;
		};
		84A379C32750CE2D0071CA81 /* Release */ = {
			isa = XCBuildConfiguration;
			baseConfigurationReference = 419E659D1805D2930F3AEC44 /* Pods-WeatherTodayUITests.release.xcconfig */;
			buildSettings = {
				ALWAYS_EMBED_SWIFT_STANDARD_LIBRARIES = YES;
				CODE_SIGN_STYLE = Automatic;
				CURRENT_PROJECT_VERSION = 1;
				DEVELOPMENT_TEAM = KHRD8446CX;
				GENERATE_INFOPLIST_FILE = YES;
				LD_RUNPATH_SEARCH_PATHS = (
					"$(inherited)",
					"@executable_path/Frameworks",
					"@loader_path/Frameworks",
				);
				MARKETING_VERSION = 1.0;
				PRODUCT_BUNDLE_IDENTIFIER = magiclamp.WeatherTodayUITests;
				PRODUCT_NAME = "$(TARGET_NAME)";
				SWIFT_EMIT_LOC_STRINGS = NO;
				SWIFT_VERSION = 5.0;
				TARGETED_DEVICE_FAMILY = "1,2";
				TEST_TARGET_NAME = WeatherToday;
			};
			name = Release;
		};
/* End XCBuildConfiguration section */

/* Begin XCConfigurationList section */
		84A3798C2750CE2A0071CA81 /* Build configuration list for PBXProject "WeatherToday" */ = {
			isa = XCConfigurationList;
			buildConfigurations = (
				84A379B92750CE2D0071CA81 /* Debug */,
				84A379BA2750CE2D0071CA81 /* Release */,
			);
			defaultConfigurationIsVisible = 0;
			defaultConfigurationName = Release;
		};
		84A379BB2750CE2D0071CA81 /* Build configuration list for PBXNativeTarget "WeatherToday" */ = {
			isa = XCConfigurationList;
			buildConfigurations = (
				84A379BC2750CE2D0071CA81 /* Debug */,
				84A379BD2750CE2D0071CA81 /* Release */,
			);
			defaultConfigurationIsVisible = 0;
			defaultConfigurationName = Release;
		};
		84A379BE2750CE2D0071CA81 /* Build configuration list for PBXNativeTarget "WeatherTodayTests" */ = {
			isa = XCConfigurationList;
			buildConfigurations = (
				84A379BF2750CE2D0071CA81 /* Debug */,
				84A379C02750CE2D0071CA81 /* Release */,
			);
			defaultConfigurationIsVisible = 0;
			defaultConfigurationName = Release;
		};
		84A379C12750CE2D0071CA81 /* Build configuration list for PBXNativeTarget "WeatherTodayUITests" */ = {
			isa = XCConfigurationList;
			buildConfigurations = (
				84A379C22750CE2D0071CA81 /* Debug */,
				84A379C32750CE2D0071CA81 /* Release */,
			);
			defaultConfigurationIsVisible = 0;
			defaultConfigurationName = Release;
		};
/* End XCConfigurationList section */
	};
	rootObject = 84A379892750CE2A0071CA81 /* Project object */;
}
